
Microsoft Visual Studio Solution File, Format Version 11.00
# Visual Studio 2010
Project("{FAE04EC0-301F-11D3-BF4B-00C04F79EFBC}") = "Assembly-CSharp", "Assembly-CSharp.csproj", "{721B8246-F7DB-E37E-1EC3-2235FA377B6C}"
EndProject
Project("{FAE04EC0-301F-11D3-BF4B-00C04F79EFBC}") = "Assembly-CSharp-Editor", "Assembly-CSharp-Editor.csproj", "{9C53F41C-2D70-1F3A-B44F-B982BA461B1A}"
EndProject
Global
	GlobalSection(SolutionConfigurationPlatforms) = preSolution
		Debug|Any CPU = Debug|Any CPU
		Release|Any CPU = Release|Any CPU
	EndGlobalSection
	GlobalSection(ProjectConfigurationPlatforms) = postSolution
		{721B8246-F7DB-E37E-1EC3-2235FA377B6C}.Debug|Any CPU.ActiveCfg = Debug|Any CPU
		{721B8246-F7DB-E37E-1EC3-2235FA377B6C}.Debug|Any CPU.Build.0 = Debug|Any CPU
		{721B8246-F7DB-E37E-1EC3-2235FA377B6C}.Release|Any CPU.ActiveCfg = Release|Any CPU
		{721B8246-F7DB-E37E-1EC3-2235FA377B6C}.Release|Any CPU.Build.0 = Release|Any CPU
		{9C53F41C-2D70-1F3A-B44F-B982BA461B1A}.Debug|Any CPU.ActiveCfg = Debug|Any CPU
		{9C53F41C-2D70-1F3A-B44F-B982BA461B1A}.Debug|Any CPU.Build.0 = Debug|Any CPU
		{9C53F41C-2D70-1F3A-B44F-B982BA461B1A}.Release|Any CPU.ActiveCfg = Release|Any CPU
		{9C53F41C-2D70-1F3A-B44F-B982BA461B1A}.Release|Any CPU.Build.0 = Release|Any CPU
	EndGlobalSection
	GlobalSection(SolutionProperties) = preSolution
		HideSolutionNode = FALSE
	EndGlobalSection
EndGlobal
